
Microsoft Visual Studio Solution File, Format Version 12.00
# Visual Studio Version 17
VisualStudioVersion = 17.11.35303.130
MinimumVisualStudioVersion = 10.0.40219.1
Project("{FAE04EC0-301F-11D3-BF4B-00C04F79EFBC}") = "RPG", "RPG.csproj", "{7E9741D3-A9CA-4D2E-BCD5-B7FE7DB4C964}"
EndProject
Global
	GlobalSection(SolutionConfigurationPlatforms) = preSolution
		Debug|Any CPU = Debug|Any CPU
		Release|Any CPU = Release|Any CPU
	EndGlobalSection
	GlobalSection(ProjectConfigurationPlatforms) = postSolution
		{7E9741D3-A9CA-4D2E-BCD5-B7FE7DB4C964}.Debug|Any CPU.ActiveCfg = Debug|Any CPU
		{7E9741D3-A9CA-4D2E-BCD5-B7FE7DB4C964}.Debug|Any CPU.Build.0 = Debug|Any CPU
		{7E9741D3-A9CA-4D2E-BCD5-B7FE7DB4C964}.Release|Any CPU.ActiveCfg = Release|Any CPU
		{7E9741D3-A9CA-4D2E-BCD5-B7FE7DB4C964}.Release|Any CPU.Build.0 = Release|Any CPU
	EndGlobalSection
	GlobalSection(SolutionProperties) = preSolution
		HideSolutionNode = FALSE
	EndGlobalSection
	GlobalSection(ExtensibilityGlobals) = postSolution
		SolutionGuid = {F361E00A-021B-46D0-B268-CD5D0ADD8561}
	EndGlobalSection
EndGlobal
